
Microsoft Visual Studio Solution File, Format Version 12.00
# Visual Studio Version 16
VisualStudioVersion = 16.0.30104.148
MinimumVisualStudioVersion = 10.0.40219.1
Project("{9A19103F-16F7-4668-BE54-9A1E7A4F7556}") = "DeVLearninG.MyReservation.Domain", "DeVLearninG.MyReservation.Domain\DeVLearninG.MyReservation.Domain.csproj", "{DC38BA86-FF7D-4074-9164-5ED087A9AD7A}"
EndProject
Project("{9A19103F-16F7-4668-BE54-9A1E7A4F7556}") = "DeVLearninG.MyReservation.Test", "DeVLearninG.MyReservation.Test\DeVLearninG.MyReservation.Test.csproj", "{6DA7D1A7-9403-4A39-949B-2C5C482F11F5}"
EndProject
Project("{2150E333-8FDC-42A3-9474-1A3956D46DE8}") = "Solution Items", "Solution Items", "{CE3169BE-C4F1-4F0D-A30D-D484E63E53B8}"
	ProjectSection(SolutionItems) = preProject
		CodeCoverage.runsettings = CodeCoverage.runsettings
	EndProjectSection
EndProject
Global
	GlobalSection(SolutionConfigurationPlatforms) = preSolution
		Debug|Any CPU = Debug|Any CPU
		Release|Any CPU = Release|Any CPU
	EndGlobalSection
	GlobalSection(ProjectConfigurationPlatforms) = postSolution
		{DC38BA86-FF7D-4074-9164-5ED087A9AD7A}.Debug|Any CPU.ActiveCfg = Debug|Any CPU
		{DC38BA86-FF7D-4074-9164-5ED087A9AD7A}.Debug|Any CPU.Build.0 = Debug|Any CPU
		{DC38BA86-FF7D-4074-9164-5ED087A9AD7A}.Release|Any CPU.ActiveCfg = Release|Any CPU
		{DC38BA86-FF7D-4074-9164-5ED087A9AD7A}.Release|Any CPU.Build.0 = Release|Any CPU
		{6DA7D1A7-9403-4A39-949B-2C5C482F11F5}.Debug|Any CPU.ActiveCfg = Debug|Any CPU
		{6DA7D1A7-9403-4A39-949B-2C5C482F11F5}.Debug|Any CPU.Build.0 = Debug|Any CPU
		{6DA7D1A7-9403-4A39-949B-2C5C482F11F5}.Release|Any CPU.ActiveCfg = Release|Any CPU
		{6DA7D1A7-9403-4A39-949B-2C5C482F11F5}.Release|Any CPU.Build.0 = Release|Any CPU
	EndGlobalSection
	GlobalSection(SolutionProperties) = preSolution
		HideSolutionNode = FALSE
	EndGlobalSection
	GlobalSection(ExtensibilityGlobals) = postSolution
		SolutionGuid = {4CF1EEAB-8B6A-4921-B443-32613330ACBF}
	EndGlobalSection
EndGlobal
